// !$*UTF8*$!
{
	archiveVersion = 1;
	classes = {
	};
	objectVersion = 46;
	objects = {

/* Begin PBXBuildFile section */
		C7E8D3C41FB3102100FD8DBF /* AppDelegate.swift in Sources */ = {isa = PBXBuildFile; fileRef = C7E8D3C31FB3102100FD8DBF /* AppDelegate.swift */; };
		C7E8D3C61FB3102100FD8DBF /* ViewController.swift in Sources */ = {isa = PBXBuildFile; fileRef = C7E8D3C51FB3102100FD8DBF /* ViewController.swift */; };
		C7E8D3C91FB3102100FD8DBF /* Main.storyboard in Resources */ = {isa = PBXBuildFile; fileRef = C7E8D3C71FB3102100FD8DBF /* Main.storyboard */; };
		C7E8D3CB1FB3102100FD8DBF /* Assets.xcassets in Resources */ = {isa = PBXBuildFile; fileRef = C7E8D3CA1FB3102100FD8DBF /* Assets.xcassets */; };
		C7E8D3CE1FB3102100FD8DBF /* LaunchScreen.storyboard in Resources */ = {isa = PBXBuildFile; fileRef = C7E8D3CC1FB3102100FD8DBF /* LaunchScreen.storyboard */; };
/* End PBXBuildFile section */

/* Begin PBXFileReference section */
		C7E8D3C01FB3102100FD8DBF /* skype_logo_tutorial.app */ = {isa = PBXFileReference; explicitFileType = wrapper.application; includeInIndex = 0; path = skype_logo_tutorial.app; sourceTree = BUILT_PRODUCTS_DIR; };
		C7E8D3C31FB3102100FD8DBF /* AppDelegate.swift */ = {isa = PBXFileReference; lastKnownFileType = sourcecode.swift; path = AppDelegate.swift; sourceTree = "<group>"; };
		C7E8D3C51FB3102100FD8DBF /* ViewController.swift */ = {isa = PBXFileReference; lastKnownFileType = sourcecode.swift; path = ViewController.swift; sourceTree = "<group>"; };
		C7E8D3C81FB3102100FD8DBF /* Base */ = {isa = PBXFileReference; lastKnownFileType = file.storyboard; name = Base; path = Base.lproj/Main.storyboard; sourceTree = "<group>"; };
		C7E8D3CA1FB3102100FD8DBF /* Assets.xcassets */ = {isa = PBXFileReference; lastKnownFileType = folder.assetcatalog; path = Assets.xcassets; sourceTree = "<group>"; };
		C7E8D3CD1FB3102100FD8DBF /* Base */ = {isa = PBXFileReference; lastKnownFileType = file.storyboard; name = Base; path = Base.lproj/LaunchScreen.storyboard; sourceTree = "<group>"; };
		C7E8D3CF1FB3102100FD8DBF /* Info.plist */ = {isa = PBXFileReference; lastKnownFileType = text.plist.xml; path = Info.plist; sourceTree = "<group>"; };
/* End PBXFileReference section */

/* Begin PBXFrameworksBuildPhase section */
		C7E8D3BD1FB3102100FD8DBF /* Frameworks */ = {
			isa = PBXFrameworksBuildPhase;
			buildActionMask = 2147483647;
			files = (
			);
			runOnlyForDeploymentPostprocessing = 0;
		};
/* End PBXFrameworksBuildPhase section */

/* Begin PBXGroup section */
		C7E8D3B71FB3102100FD8DBF = {
			isa = PBXGroup;
			children = (
				C7E8D3C21FB3102100FD8DBF /* skype_logo_tutorial */,
				C7E8D3C11FB3102100FD8DBF /* Products */,
			);
			sourceTree = "<group>";
		};
		C7E8D3C11FB3102100FD8DBF /* Products */ = {
			isa = PBXGroup;
			children = (
				C7E8D3C01FB3102100FD8DBF /* skype_logo_tutorial.app */,
			);
			name = Products;
			sourceTree = "<group>";
		};
		C7E8D3C21FB3102100FD8DBF /* skype_logo_tutorial */ = {
			isa = PBXGroup;
			children = (
				C7E8D3C31FB3102100FD8DBF /* AppDelegate.swift */,
				C7E8D3C51FB3102100FD8DBF /* ViewController.swift */,
				C7E8D3C71FB3102100FD8DBF /* Main.storyboard */,
				C7E8D3CA1FB3102100FD8DBF /* Assets.xcassets */,
				C7E8D3CC1FB3102100FD8DBF /* LaunchScreen.storyboard */,
				C7E8D3CF1FB3102100FD8DBF /* Info.plist */,
			);
			path = skype_logo_tutorial;
			sourceTree = "<group>";
		};
/* End PBXGroup section */

/* Begin PBXNativeTarget section */
		C7E8D3BF1FB3102100FD8DBF /* skype_logo_tutorial */ = {
			isa = PBXNativeTarget;
			buildConfigurationList = C7E8D3D21FB3102100FD8DBF /* Build configuration list for PBXNativeTarget "skype_logo_tutorial" */;
			buildPhases = (
				C7E8D3BC1FB3102100FD8DBF /* Sources */,
				C7E8D3BD1FB3102100FD8DBF /* Frameworks */,
				C7E8D3BE1FB3102100FD8DBF /* Resources */,
			);
			buildRules = (
			);
			dependencies = (
			);
			name = skype_logo_tutorial;
			productName = skype_logo_tutorial;
			productReference = C7E8D3C01FB3102100FD8DBF /* skype_logo_tutorial.app */;
			productType = "com.apple.product-type.application";
		};
/* End PBXNativeTarget section */

/* Begin PBXProject section */
		C7E8D3B81FB3102100FD8DBF /* Project object */ = {
			isa = PBXProject;
			attributes = {
				LastSwiftUpdateCheck = 0820;
				LastUpgradeCheck = 0820;
				ORGANIZATIONNAME = mycompany;
				TargetAttributes = {
					C7E8D3BF1FB3102100FD8DBF = {
						CreatedOnToolsVersion = 8.2.1;
						DevelopmentTeam = 4HAR89FJ3K;
						ProvisioningStyle = Automatic;
					};
				};
			};
			buildConfigurationList = C7E8D3BB1FB3102100FD8DBF /* Build configuration list for PBXProject "skype_logo_tutorial" */;
			compatibilityVersion = "Xcode 3.2";
			developmentRegion = English;
			hasScannedForEncodings = 0;
			knownRegions = (
				en,
				Base,
			);
			mainGroup = C7E8D3B71FB3102100FD8DBF;
			productRefGroup = C7E8D3C11FB3102100FD8DBF /* Products */;
			projectDirPath = "";
			projectRoot = "";
			targets = (
				C7E8D3BF1FB3102100FD8DBF /* skype_logo_tutorial */,
			);
		};
/* End PBXProject section */

/* Begin PBXResourcesBuildPhase section */
		C7E8D3BE1FB3102100FD8DBF /* Resources */ = {
			isa = PBXResourcesBuildPhase;
			buildActionMask = 2147483647;
			files = (
				C7E8D3CE1FB3102100FD8DBF /* LaunchScreen.storyboard in Resources */,
				C7E8D3CB1FB3102100FD8DBF /* Assets.xcassets in Resources */,
				C7E8D3C91FB3102100FD8DBF /* Main.storyboard in Resources */,
			);
			runOnlyForDeploymentPostprocessing = 0;
		};
/* End PBXResourcesBuildPhase section */

/* Begin PBXSourcesBuildPhase section */
		C7E8D3BC1FB3102100FD8DBF /* Sources */ = {
			isa = PBXSourcesBuildPhase;
			buildActionMask = 2147483647;
			files = (
				C7E8D3C61FB3102100FD8DBF /* ViewController.swift in Sources */,
				C7E8D3C41FB3102100FD8DBF /* AppDelegate.swift in Sources */,
			);
			runOnlyForDeploymentPostprocessing = 0;
		};
/* End PBXSourcesBuildPhase section */

/* Begin PBXVariantGroup section */
		C7E8D3C71FB3102100FD8DBF /* Main.storyboard */ = {
			isa = PBXVariantGroup;
			children = (
				C7E8D3C81FB3102100FD8DBF /* Base */,
			);
			name = Main.storyboard;
			sourceTree = "<group>";
		};
		C7E8D3CC1FB3102100FD8DBF /* LaunchScreen.storyboard */ = {
			isa = PBXVariantGroup;
			children = (
				C7E8D3CD1FB3102100FD8DBF /* Base */,
			);
			name = LaunchScreen.storyboard;
			sourceTree = "<group>";
		};
/* End PBXVariantGroup section */

/* Begin XCBuildConfiguration section */
		C7E8D3D01FB3102100FD8DBF /* Debug */ = {
			isa = XCBuildConfiguration;
			buildSettings = {
				ALWAYS_SEARCH_USER_PATHS = NO;
				CLANG_ANALYZER_NONNULL = YES;
				CLANG_CXX_LANGUAGE_STANDARD = "gnu++0x";
				CLANG_CXX_LIBRARY = "libc++";
				CLANG_ENABLE_MODULES = YES;
				CLANG_ENABLE_OBJC_ARC = YES;
				CLANG_WARN_BOOL_CONVERSION = YES;
				CLANG_WARN_CONSTANT_CONVERSION = YES;
				CLANG_WARN_DIRECT_OBJC_ISA_USAGE = YES_ERROR;
				CLANG_WARN_DOCUMENTATION_COMMENTS = YES;
				CLANG_WARN_EMPTY_BODY = YES;
				CLANG_WARN_ENUM_CONVERSION = YES;
				CLANG_WARN_INFINITE_RECURSION = YES;
				CLANG_WARN_INT_CONVERSION = YES;
				CLANG_WARN_OBJC_ROOT_CLASS = YES_ERROR;
				CLANG_WARN_SUSPICIOUS_MOVE = YES;
				CLANG_WARN_UNREACHABLE_CODE = YES;
				CLANG_WARN__DUPLICATE_METHOD_MATCH = YES;
				"CODE_SIGN_IDENTITY[sdk=iphoneos*]" = "iPhone Developer";
				COPY_PHASE_STRIP = NO;
				DEBUG_INFORMATION_FORMAT = dwarf;
				ENABLE_STRICT_OBJC_MSGSEND = YES;
				ENABLE_TESTABILITY = YES;
				GCC_C_LANGUAGE_STANDARD = gnu99;
				GCC_DYNAMIC_NO_PIC = NO;
				GCC_NO_COMMON_BLOCKS = YES;
				GCC_OPTIMIZATION_LEVEL = 0;
				GCC_PREPROCESSOR_DEFINITIONS = (
					"DEBUG=1",
					"$(inherited)",
				);
				GCC_WARN_64_TO_32_BIT_CONVERSION = YES;
				GCC_WARN_ABOUT_RETURN_TYPE = YES_ERROR;
				GCC_WARN_UNDECLARED_SELECTOR = YES;
				GCC_WARN_UNINITIALIZED_AUTOS = YES_AGGRESSIVE;
				GCC_WARN_UNUSED_FUNCTION = YES;
				GCC_WARN_UNUSED_VARIABLE = YES;
				IPHONEOS_DEPLOYMENT_TARGET = 10.2;
				MTL_ENABLE_DEBUG_INFO = YES;
				ONLY_ACTIVE_ARCH = YES;
				SDKROOT = iphoneos;
				SWIFT_ACTIVE_COMPILATION_CONDITIONS = DEBUG;
				SWIFT_OPTIMIZATION_LEVEL = "-Onone";
			};
			name = Debug;
		};
		C7E8D3D11FB3102100FD8DBF /* Release */ = {
			isa = XCBuildConfiguration;
			buildSettings = {
				ALWAYS_SEARCH_USER_PATHS = NO;
				CLANG_ANALYZER_NONNULL = YES;
				CLANG_CXX_LANGUAGE_STANDARD = "gnu++0x";
				CLANG_CXX_LIBRARY = "libc++";
				CLANG_ENABLE_MODULES = YES;
				CLANG_ENABLE_OBJC_ARC = YES;
				CLANG_WARN_BOOL_CONVERSION = YES;
				CLANG_WARN_CONSTANT_CONVERSION = YES;
				CLANG_WARN_DIRECT_OBJC_ISA_USAGE = YES_ERROR;
				CLANG_WARN_DOCUMENTATION_COMMENTS = YES;
				CLANG_WARN_EMPTY_BODY = YES;
				CLANG_WARN_ENUM_CONVERSION = YES;
				CLANG_WARN_INFINITE_RECURSION = YES;
				CLANG_WARN_INT_CONVERSION = YES;
				CLANG_WARN_OBJC_ROOT_CLASS = YES_ERROR;
				CLANG_WARN_SUSPICIOUS_MOVE = YES;
				CLANG_WARN_UNREACHABLE_CODE = YES;
				CLANG_WARN__DUPLICATE_METHOD_MATCH = YES;
				"CODE_SIGN_IDENTITY[sdk=iphoneos*]" = "iPhone Developer";
				COPY_PHASE_STRIP = NO;
				DEBUG_INFORMATION_FORMAT = "dwarf-with-dsym";
				ENABLE_NS_ASSERTIONS = NO;
				ENABLE_STRICT_OBJC_MSGSEND = YES;
				GCC_C_LANGUAGE_STANDARD = gnu99;
				GCC_NO_COMMON_BLOCKS = YES;
				GCC_WARN_64_TO_32_BIT_CONVERSION = YES;
				GCC_WARN_ABOUT_RETURN_TYPE = YES_ERROR;
				GCC_WARN_UNDECLARED_SELECTOR = YES;
				GCC_WARN_UNINITIALIZED_AUTOS = YES_AGGRESSIVE;
				GCC_WARN_UNUSED_FUNCTION = YES;
				GCC_WARN_UNUSED_VARIABLE = YES;
				IPHONEOS_DEPLOYMENT_TARGET = 10.2;
				MTL_ENABLE_DEBUG_INFO = NO;
				SDKROOT = iphoneos;
				SWIFT_OPTIMIZATION_LEVEL = "-Owholemodule";
				VALIDATE_PRODUCT = YES;
			};
			name = Release;
		};
		C7E8D3D31FB3102100FD8DBF /* Debug */ = {
			isa = XCBuildConfiguration;
			buildSettings = {
				ASSETCATALOG_COMPILER_APPICON_NAME = AppIcon;
				DEVELOPMENT_TEAM = 4HAR89FJ3K;
				INFOPLIST_FILE = skype_logo_tutorial/Info.plist;
				LD_RUNPATH_SEARCH_PATHS = "$(inherited) @executable_path/Frameworks";
				PRODUCT_BUNDLE_IDENTIFIER = "com.mycompany.skype-logo-tutorial";
				PRODUCT_NAME = "$(TARGET_NAME)";
				SWIFT_VERSION = 3.0;
			};
			name = Debug;
		};
		C7E8D3D41FB3102100FD8DBF /* Release */ = {
			isa = XCBuildConfiguration;
			buildSettings = {
				ASSETCATALOG_COMPILER_APPICON_NAME = AppIcon;
				DEVELOPMENT_TEAM = 4HAR89FJ3K;
				INFOPLIST_FILE = skype_logo_tutorial/Info.plist;
				LD_RUNPATH_SEARCH_PATHS = "$(inherited) @executable_path/Frameworks";
				PRODUCT_BUNDLE_IDENTIFIER = "com.mycompany.skype-logo-tutorial";
				PRODUCT_NAME = "$(TARGET_NAME)";
				SWIFT_VERSION = 3.0;
			};
			name = Release;
		};
/* End XCBuildConfiguration section */

/* Begin XCConfigurationList section */
		C7E8D3BB1FB3102100FD8DBF /* Build configuration list for PBXProject "skype_logo_tutorial" */ = {
			isa = XCConfigurationList;
			buildConfigurations = (
				C7E8D3D01FB3102100FD8DBF /* Debug */,
				C7E8D3D11FB3102100FD8DBF /* Release */,
			);
			defaultConfigurationIsVisible = 0;
			defaultConfigurationName = Release;
		};
		C7E8D3D21FB3102100FD8DBF /* Build configuration list for PBXNativeTarget "skype_logo_tutorial" */ = {
			isa = XCConfigurationList;
			buildConfigurations = (
				C7E8D3D31FB3102100FD8DBF /* Debug */,
				C7E8D3D41FB3102100FD8DBF /* Release */,
			);
			defaultConfigurationIsVisible = 0;
		};
/* End XCConfigurationList section */
	};
	rootObject = C7E8D3B81FB3102100FD8DBF /* Project object */;
}
